
Microsoft Visual Studio Solution File, Format Version 12.00
# Visual Studio Version 16
VisualStudioVersion = 16.0.29418.71
MinimumVisualStudioVersion = 10.0.40219.1
Project("{FAE04EC0-301F-11D3-BF4B-00C04F79EFBC}") = "ToDoApp", "ToDoApp.csproj", "{49FCCBA3-6A62-486C-8CEF-555616F48210}"
EndProject
Global
	GlobalSection(SolutionConfigurationPlatforms) = preSolution
		Debug|Any CPU = Debug|Any CPU
		Release|Any CPU = Release|Any CPU
	EndGlobalSection
	GlobalSection(ProjectConfigurationPlatforms) = postSolution
		{49FCCBA3-6A62-486C-8CEF-555616F48210}.Debug|Any CPU.ActiveCfg = Debug|Any CPU
		{49FCCBA3-6A62-486C-8CEF-555616F48210}.Debug|Any CPU.Build.0 = Debug|Any CPU
		{49FCCBA3-6A62-486C-8CEF-555616F48210}.Release|Any CPU.ActiveCfg = Release|Any CPU
		{49FCCBA3-6A62-486C-8CEF-555616F48210}.Release|Any CPU.Build.0 = Release|Any CPU
	EndGlobalSection
	GlobalSection(SolutionProperties) = preSolution
		HideSolutionNode = FALSE
	EndGlobalSection
	GlobalSection(ExtensibilityGlobals) = postSolution
		SolutionGuid = {39ACDB9C-C7F3-4258-945B-3E50D28F4148}
	EndGlobalSection
EndGlobal
